// !$*UTF8*$!
{
	archiveVersion = 1;
	classes = {
	};
	objectVersion = 46;
	objects = {

/* Begin PBXBuildFile section */
		D0C733B21C9DC68700245820 /* AppDelegate.swift in Sources */ = {isa = PBXBuildFile; fileRef = D0C733B11C9DC68700245820 /* AppDelegate.swift */; };
		D0C733B41C9DC68700245820 /* ViewController.swift in Sources */ = {isa = PBXBuildFile; fileRef = D0C733B31C9DC68700245820 /* ViewController.swift */; };
		D0C733B71C9DC68700245820 /* Main.storyboard in Resources */ = {isa = PBXBuildFile; fileRef = D0C733B51C9DC68700245820 /* Main.storyboard */; };
		D0C733B91C9DC68700245820 /* Assets.xcassets in Resources */ = {isa = PBXBuildFile; fileRef = D0C733B81C9DC68700245820 /* Assets.xcassets */; };
		D0C733BC1C9DC68700245820 /* LaunchScreen.storyboard in Resources */ = {isa = PBXBuildFile; fileRef = D0C733BA1C9DC68700245820 /* LaunchScreen.storyboard */; };
		D0C733C71C9DC68700245820 /* Wells_Next_The_SeaTests.swift in Sources */ = {isa = PBXBuildFile; fileRef = D0C733C61C9DC68700245820 /* Wells_Next_The_SeaTests.swift */; };
		D0C733D21C9DC68700245820 /* Wells_Next_The_SeaUITests.swift in Sources */ = {isa = PBXBuildFile; fileRef = D0C733D11C9DC68700245820 /* Wells_Next_The_SeaUITests.swift */; };
/* End PBXBuildFile section */

/* Begin PBXContainerItemProxy section */
		D0C733C31C9DC68700245820 /* PBXContainerItemProxy */ = {
			isa = PBXContainerItemProxy;
			containerPortal = D0C733A61C9DC68700245820 /* Project object */;
			proxyType = 1;
			remoteGlobalIDString = D0C733AD1C9DC68700245820;
			remoteInfo = "Wells-Next-The-Sea";
		};
		D0C733CE1C9DC68700245820 /* PBXContainerItemProxy */ = {
			isa = PBXContainerItemProxy;
			containerPortal = D0C733A61C9DC68700245820 /* Project object */;
			proxyType = 1;
			remoteGlobalIDString = D0C733AD1C9DC68700245820;
			remoteInfo = "Wells-Next-The-Sea";
		};
/* End PBXContainerItemProxy section */

/* Begin PBXFileReference section */
		D0C733AE1C9DC68700245820 /* Wells-Next-The-Sea.app */ = {isa = PBXFileReference; explicitFileType = wrapper.application; includeInIndex = 0; path = "Wells-Next-The-Sea.app"; sourceTree = BUILT_PRODUCTS_DIR; };
		D0C733B11C9DC68700245820 /* AppDelegate.swift */ = {isa = PBXFileReference; lastKnownFileType = sourcecode.swift; path = AppDelegate.swift; sourceTree = "<group>"; };
		D0C733B31C9DC68700245820 /* ViewController.swift */ = {isa = PBXFileReference; lastKnownFileType = sourcecode.swift; path = ViewController.swift; sourceTree = "<group>"; };
		D0C733B61C9DC68700245820 /* Base */ = {isa = PBXFileReference; lastKnownFileType = file.storyboard; name = Base; path = Base.lproj/Main.storyboard; sourceTree = "<group>"; };
		D0C733B81C9DC68700245820 /* Assets.xcassets */ = {isa = PBXFileReference; lastKnownFileType = folder.assetcatalog; path = Assets.xcassets; sourceTree = "<group>"; };
		D0C733BB1C9DC68700245820 /* Base */ = {isa = PBXFileReference; lastKnownFileType = file.storyboard; name = Base; path = Base.lproj/LaunchScreen.storyboard; sourceTree = "<group>"; };
		D0C733BD1C9DC68700245820 /* Info.plist */ = {isa = PBXFileReference; lastKnownFileType = text.plist.xml; path = Info.plist; sourceTree = "<group>"; };
		D0C733C21C9DC68700245820 /* Wells-Next-The-SeaTests.xctest */ = {isa = PBXFileReference; explicitFileType = wrapper.cfbundle; includeInIndex = 0; path = "Wells-Next-The-SeaTests.xctest"; sourceTree = BUILT_PRODUCTS_DIR; };
		D0C733C61C9DC68700245820 /* Wells_Next_The_SeaTests.swift */ = {isa = PBXFileReference; lastKnownFileType = sourcecode.swift; path = Wells_Next_The_SeaTests.swift; sourceTree = "<group>"; };
		D0C733C81C9DC68700245820 /* Info.plist */ = {isa = PBXFileReference; lastKnownFileType = text.plist.xml; path = Info.plist; sourceTree = "<group>"; };
		D0C733CD1C9DC68700245820 /* Wells-Next-The-SeaUITests.xctest */ = {isa = PBXFileReference; explicitFileType = wrapper.cfbundle; includeInIndex = 0; path = "Wells-Next-The-SeaUITests.xctest"; sourceTree = BUILT_PRODUCTS_DIR; };
		D0C733D11C9DC68700245820 /* Wells_Next_The_SeaUITests.swift */ = {isa = PBXFileReference; lastKnownFileType = sourcecode.swift; path = Wells_Next_The_SeaUITests.swift; sourceTree = "<group>"; };
		D0C733D31C9DC68700245820 /* Info.plist */ = {isa = PBXFileReference; lastKnownFileType = text.plist.xml; path = Info.plist; sourceTree = "<group>"; };
/* End PBXFileReference section */

/* Begin PBXFrameworksBuildPhase section */
		D0C733AB1C9DC68700245820 /* Frameworks */ = {
			isa = PBXFrameworksBuildPhase;
			buildActionMask = 2147483647;
			files = (
			);
			runOnlyForDeploymentPostprocessing = 0;
		};
		D0C733BF1C9DC68700245820 /* Frameworks */ = {
			isa = PBXFrameworksBuildPhase;
			buildActionMask = 2147483647;
			files = (
			);
			runOnlyForDeploymentPostprocessing = 0;
		};
		D0C733CA1C9DC68700245820 /* Frameworks */ = {
			isa = PBXFrameworksBuildPhase;
			buildActionMask = 2147483647;
			files = (
			);
			runOnlyForDeploymentPostprocessing = 0;
		};
/* End PBXFrameworksBuildPhase section */

/* Begin PBXGroup section */
		D0C733A51C9DC68700245820 = {
			isa = PBXGroup;
			children = (
				D0C733B01C9DC68700245820 /* Wells-Next-The-Sea */,
				D0C733C51C9DC68700245820 /* Wells-Next-The-SeaTests */,
				D0C733D01C9DC68700245820 /* Wells-Next-The-SeaUITests */,
				D0C733AF1C9DC68700245820 /* Products */,
			);
			sourceTree = "<group>";
		};
		D0C733AF1C9DC68700245820 /* Products */ = {
			isa = PBXGroup;
			children = (
				D0C733AE1C9DC68700245820 /* Wells-Next-The-Sea.app */,
				D0C733C21C9DC68700245820 /* Wells-Next-The-SeaTests.xctest */,
				D0C733CD1C9DC68700245820 /* Wells-Next-The-SeaUITests.xctest */,
			);
			name = Products;
			sourceTree = "<group>";
		};
		D0C733B01C9DC68700245820 /* Wells-Next-The-Sea */ = {
			isa = PBXGroup;
			children = (
				D0C733B11C9DC68700245820 /* AppDelegate.swift */,
				D0C733B31C9DC68700245820 /* ViewController.swift */,
				D0C733B51C9DC68700245820 /* Main.storyboard */,
				D0C733B81C9DC68700245820 /* Assets.xcassets */,
				D0C733BA1C9DC68700245820 /* LaunchScreen.storyboard */,
				D0C733BD1C9DC68700245820 /* Info.plist */,
			);
			path = "Wells-Next-The-Sea";
			sourceTree = "<group>";
		};
		D0C733C51C9DC68700245820 /* Wells-Next-The-SeaTests */ = {
			isa = PBXGroup;
			children = (
				D0C733C61C9DC68700245820 /* Wells_Next_The_SeaTests.swift */,
				D0C733C81C9DC68700245820 /* Info.plist */,
			);
			path = "Wells-Next-The-SeaTests";
			sourceTree = "<group>";
		};
		D0C733D01C9DC68700245820 /* Wells-Next-The-SeaUITests */ = {
			isa = PBXGroup;
			children = (
				D0C733D11C9DC68700245820 /* Wells_Next_The_SeaUITests.swift */,
				D0C733D31C9DC68700245820 /* Info.plist */,
			);
			path = "Wells-Next-The-SeaUITests";
			sourceTree = "<group>";
		};
/* End PBXGroup section */

/* Begin PBXNativeTarget section */
		D0C733AD1C9DC68700245820 /* Wells-Next-The-Sea */ = {
			isa = PBXNativeTarget;
			buildConfigurationList = D0C733D61C9DC68700245820 /* Build configuration list for PBXNativeTarget "Wells-Next-The-Sea" */;
			buildPhases = (
				D0C733AA1C9DC68700245820 /* Sources */,
				D0C733AB1C9DC68700245820 /* Frameworks */,
				D0C733AC1C9DC68700245820 /* Resources */,
			);
			buildRules = (
			);
			dependencies = (
			);
			name = "Wells-Next-The-Sea";
			productName = "Wells-Next-The-Sea";
			productReference = D0C733AE1C9DC68700245820 /* Wells-Next-The-Sea.app */;
			productType = "com.apple.product-type.application";
		};
		D0C733C11C9DC68700245820 /* Wells-Next-The-SeaTests */ = {
			isa = PBXNativeTarget;
			buildConfigurationList = D0C733D91C9DC68700245820 /* Build configuration list for PBXNativeTarget "Wells-Next-The-SeaTests" */;
			buildPhases = (
				D0C733BE1C9DC68700245820 /* Sources */,
				D0C733BF1C9DC68700245820 /* Frameworks */,
				D0C733C01C9DC68700245820 /* Resources */,
			);
			buildRules = (
			);
			dependencies = (
				D0C733C41C9DC68700245820 /* PBXTargetDependency */,
			);
			name = "Wells-Next-The-SeaTests";
			productName = "Wells-Next-The-SeaTests";
			productReference = D0C733C21C9DC68700245820 /* Wells-Next-The-SeaTests.xctest */;
			productType = "com.apple.product-type.bundle.unit-test";
		};
		D0C733CC1C9DC68700245820 /* Wells-Next-The-SeaUITests */ = {
			isa = PBXNativeTarget;
			buildConfigurationList = D0C733DC1C9DC68700245820 /* Build configuration list for PBXNativeTarget "Wells-Next-The-SeaUITests" */;
			buildPhases = (
				D0C733C91C9DC68700245820 /* Sources */,
				D0C733CA1C9DC68700245820 /* Frameworks */,
				D0C733CB1C9DC68700245820 /* Resources */,
			);
			buildRules = (
			);
			dependencies = (
				D0C733CF1C9DC68700245820 /* PBXTargetDependency */,
			);
			name = "Wells-Next-The-SeaUITests";
			productName = "Wells-Next-The-SeaUITests";
			productReference = D0C733CD1C9DC68700245820 /* Wells-Next-The-SeaUITests.xctest */;
			productType = "com.apple.product-type.bundle.ui-testing";
		};
/* End PBXNativeTarget section */

/* Begin PBXProject section */
		D0C733A61C9DC68700245820 /* Project object */ = {
			isa = PBXProject;
			attributes = {
				LastSwiftUpdateCheck = 0720;
				LastUpgradeCheck = 0720;
				ORGANIZATIONNAME = "Peter Rule";
				TargetAttributes = {
					D0C733AD1C9DC68700245820 = {
						CreatedOnToolsVersion = 7.2.1;
						DevelopmentTeam = 2ZTS6UFEAK;
					};
					D0C733C11C9DC68700245820 = {
						CreatedOnToolsVersion = 7.2.1;
						DevelopmentTeam = 2ZTS6UFEAK;
						TestTargetID = D0C733AD1C9DC68700245820;
					};
					D0C733CC1C9DC68700245820 = {
						CreatedOnToolsVersion = 7.2.1;
						DevelopmentTeam = 2ZTS6UFEAK;
						TestTargetID = D0C733AD1C9DC68700245820;
					};
				};
			};
			buildConfigurationList = D0C733A91C9DC68700245820 /* Build configuration list for PBXProject "Wells-Next-The-Sea" */;
			compatibilityVersion = "Xcode 3.2";
			developmentRegion = English;
			hasScannedForEncodings = 0;
			knownRegions = (
				en,
				Base,
			);
			mainGroup = D0C733A51C9DC68700245820;
			productRefGroup = D0C733AF1C9DC68700245820 /* Products */;
			projectDirPath = "";
			projectRoot = "";
			targets = (
				D0C733AD1C9DC68700245820 /* Wells-Next-The-Sea */,
				D0C733C11C9DC68700245820 /* Wells-Next-The-SeaTests */,
				D0C733CC1C9DC68700245820 /* Wells-Next-The-SeaUITests */,
			);
		};
/* End PBXProject section */

/* Begin PBXResourcesBuildPhase section */
		D0C733AC1C9DC68700245820 /* Resources */ = {
			isa = PBXResourcesBuildPhase;
			buildActionMask = 2147483647;
			files = (
				D0C733BC1C9DC68700245820 /* LaunchScreen.storyboard in Resources */,
				D0C733B91C9DC68700245820 /* Assets.xcassets in Resources */,
				D0C733B71C9DC68700245820 /* Main.storyboard in Resources */,
			);
			runOnlyForDeploymentPostprocessing = 0;
		};
		D0C733C01C9DC68700245820 /* Resources */ = {
			isa = PBXResourcesBuildPhase;
			buildActionMask = 2147483647;
			files = (
			);
			runOnlyForDeploymentPostprocessing = 0;
		};
		D0C733CB1C9DC68700245820 /* Resources */ = {
			isa = PBXResourcesBuildPhase;
			buildActionMask = 2147483647;
			files = (
			);
			runOnlyForDeploymentPostprocessing = 0;
		};
/* End PBXResourcesBuildPhase section */

/* Begin PBXSourcesBuildPhase section */
		D0C733AA1C9DC68700245820 /* Sources */ = {
			isa = PBXSourcesBuildPhase;
			buildActionMask = 2147483647;
			files = (
				D0C733B41C9DC68700245820 /* ViewController.swift in Sources */,
				D0C733B21C9DC68700245820 /* AppDelegate.swift in Sources */,
			);
			runOnlyForDeploymentPostprocessing = 0;
		};
		D0C733BE1C9DC68700245820 /* Sources */ = {
			isa = PBXSourcesBuildPhase;
			buildActionMask = 2147483647;
			files = (
				D0C733C71C9DC68700245820 /* Wells_Next_The_SeaTests.swift in Sources */,
			);
			runOnlyForDeploymentPostprocessing = 0;
		};
		D0C733C91C9DC68700245820 /* Sources */ = {
			isa = PBXSourcesBuildPhase;
			buildActionMask = 2147483647;
			files = (
				D0C733D21C9DC68700245820 /* Wells_Next_The_SeaUITests.swift in Sources */,
			);
			runOnlyForDeploymentPostprocessing = 0;
		};
/* End PBXSourcesBuildPhase section */

/* Begin PBXTargetDependency section */
		D0C733C41C9DC68700245820 /* PBXTargetDependency */ = {
			isa = PBXTargetDependency;
			target = D0C733AD1C9DC68700245820 /* Wells-Next-The-Sea */;
			targetProxy = D0C733C31C9DC68700245820 /* PBXContainerItemProxy */;
		};
		D0C733CF1C9DC68700245820 /* PBXTargetDependency */ = {
			isa = PBXTargetDependency;
			target = D0C733AD1C9DC68700245820 /* Wells-Next-The-Sea */;
			targetProxy = D0C733CE1C9DC68700245820 /* PBXContainerItemProxy */;
		};
/* End PBXTargetDependency section */

/* Begin PBXVariantGroup section */
		D0C733B51C9DC68700245820 /* Main.storyboard */ = {
			isa = PBXVariantGroup;
			children = (
				D0C733B61C9DC68700245820 /* Base */,
			);
			name = Main.storyboard;
			sourceTree = "<group>";
		};
		D0C733BA1C9DC68700245820 /* LaunchScreen.storyboard */ = {
			isa = PBXVariantGroup;
			children = (
				D0C733BB1C9DC68700245820 /* Base */,
			);
			name = LaunchScreen.storyboard;
			sourceTree = "<group>";
		};
/* End PBXVariantGroup section */

/* Begin XCBuildConfiguration section */
		D0C733D41C9DC68700245820 /* Debug */ = {
			isa = XCBuildConfiguration;
			buildSettings = {
				ALWAYS_SEARCH_USER_PATHS = NO;
				CLANG_CXX_LANGUAGE_STANDARD = "gnu++0x";
				CLANG_CXX_LIBRARY = "libc++";
				CLANG_ENABLE_MODULES = YES;
				CLANG_ENABLE_OBJC_ARC = YES;
				CLANG_WARN_BOOL_CONVERSION = YES;
				CLANG_WARN_CONSTANT_CONVERSION = YES;
				CLANG_WARN_DIRECT_OBJC_ISA_USAGE = YES_ERROR;
				CLANG_WARN_EMPTY_BODY = YES;
				CLANG_WARN_ENUM_CONVERSION = YES;
				CLANG_WARN_INT_CONVERSION = YES;
				CLANG_WARN_OBJC_ROOT_CLASS = YES_ERROR;
				CLANG_WARN_UNREACHABLE_CODE = YES;
				CLANG_WARN__DUPLICATE_METHOD_MATCH = YES;
				"CODE_SIGN_IDENTITY[sdk=iphoneos*]" = "iPhone Developer";
				COPY_PHASE_STRIP = NO;
				DEBUG_INFORMATION_FORMAT = dwarf;
				ENABLE_STRICT_OBJC_MSGSEND = YES;
				ENABLE_TESTABILITY = YES;
				GCC_C_LANGUAGE_STANDARD = gnu99;
				GCC_DYNAMIC_NO_PIC = NO;
				GCC_NO_COMMON_BLOCKS = YES;
				GCC_OPTIMIZATION_LEVEL = 0;
				GCC_PREPROCESSOR_DEFINITIONS = (
					"DEBUG=1",
					"$(inherited)",
				);
				GCC_WARN_64_TO_32_BIT_CONVERSION = YES;
				GCC_WARN_ABOUT_RETURN_TYPE = YES_ERROR;
				GCC_WARN_UNDECLARED_SELECTOR = YES;
				GCC_WARN_UNINITIALIZED_AUTOS = YES_AGGRESSIVE;
				GCC_WARN_UNUSED_FUNCTION = YES;
				GCC_WARN_UNUSED_VARIABLE = YES;
				IPHONEOS_DEPLOYMENT_TARGET = 9.2;
				MTL_ENABLE_DEBUG_INFO = YES;
				ONLY_ACTIVE_ARCH = YES;
				SDKROOT = iphoneos;
				SWIFT_OPTIMIZATION_LEVEL = "-Onone";
				TARGETED_DEVICE_FAMILY = "1,2";
			};
			name = Debug;
		};
		D0C733D51C9DC68700245820 /* Release */ = {
			isa = XCBuildConfiguration;
			buildSettings = {
				ALWAYS_SEARCH_USER_PATHS = NO;
				CLANG_CXX_LANGUAGE_STANDARD = "gnu++0x";
				CLANG_CXX_LIBRARY = "libc++";
				CLANG_ENABLE_MODULES = YES;
				CLANG_ENABLE_OBJC_ARC = YES;
				CLANG_WARN_BOOL_CONVERSION = YES;
				CLANG_WARN_CONSTANT_CONVERSION = YES;
				CLANG_WARN_DIRECT_OBJC_ISA_USAGE = YES_ERROR;
				CLANG_WARN_EMPTY_BODY = YES;
				CLANG_WARN_ENUM_CONVERSION = YES;
				CLANG_WARN_INT_CONVERSION = YES;
				CLANG_WARN_OBJC_ROOT_CLASS = YES_ERROR;
				CLANG_WARN_UNREACHABLE_CODE = YES;
				CLANG_WARN__DUPLICATE_METHOD_MATCH = YES;
				"CODE_SIGN_IDENTITY[sdk=iphoneos*]" = "iPhone Developer";
				COPY_PHASE_STRIP = NO;
				DEBUG_INFORMATION_FORMAT = "dwarf-with-dsym";
				ENABLE_NS_ASSERTIONS = NO;
				ENABLE_STRICT_OBJC_MSGSEND = YES;
				GCC_C_LANGUAGE_STANDARD = gnu99;
				GCC_NO_COMMON_BLOCKS = YES;
				GCC_WARN_64_TO_32_BIT_CONVERSION = YES;
				GCC_WARN_ABOUT_RETURN_TYPE = YES_ERROR;
				GCC_WARN_UNDECLARED_SELECTOR = YES;
				GCC_WARN_UNINITIALIZED_AUTOS = YES_AGGRESSIVE;
				GCC_WARN_UNUSED_FUNCTION = YES;
				GCC_WARN_UNUSED_VARIABLE = YES;
				IPHONEOS_DEPLOYMENT_TARGET = 9.2;
				MTL_ENABLE_DEBUG_INFO = NO;
				SDKROOT = iphoneos;
				TARGETED_DEVICE_FAMILY = "1,2";
				VALIDATE_PRODUCT = YES;
			};
			name = Release;
		};
		D0C733D71C9DC68700245820 /* Debug */ = {
			isa = XCBuildConfiguration;
			buildSettings = {
				ASSETCATALOG_COMPILER_APPICON_NAME = AppIcon;
				INFOPLIST_FILE = "Wells-Next-The-Sea/Info.plist";
				LD_RUNPATH_SEARCH_PATHS = "$(inherited) @executable_path/Frameworks";
				PRODUCT_BUNDLE_IDENTIFIER = "com.randrdev.Wells-Next-The-Sea";
				PRODUCT_NAME = "$(TARGET_NAME)";
			};
			name = Debug;
		};
		D0C733D81C9DC68700245820 /* Release */ = {
			isa = XCBuildConfiguration;
			buildSettings = {
				ASSETCATALOG_COMPILER_APPICON_NAME = AppIcon;
				INFOPLIST_FILE = "Wells-Next-The-Sea/Info.plist";
				LD_RUNPATH_SEARCH_PATHS = "$(inherited) @executable_path/Frameworks";
				PRODUCT_BUNDLE_IDENTIFIER = "com.randrdev.Wells-Next-The-Sea";
				PRODUCT_NAME = "$(TARGET_NAME)";
			};
			name = Release;
		};
		D0C733DA1C9DC68700245820 /* Debug */ = {
			isa = XCBuildConfiguration;
			buildSettings = {
				BUNDLE_LOADER = "$(TEST_HOST)";
				INFOPLIST_FILE = "Wells-Next-The-SeaTests/Info.plist";
				LD_RUNPATH_SEARCH_PATHS = "$(inherited) @executable_path/Frameworks @loader_path/Frameworks";
				PRODUCT_BUNDLE_IDENTIFIER = "com.randrdev.Wells-Next-The-SeaTests";
				PRODUCT_NAME = "$(TARGET_NAME)";
				TEST_HOST = "$(BUILT_PRODUCTS_DIR)/Wells-Next-The-Sea.app/Wells-Next-The-Sea";
			};
			name = Debug;
		};
		D0C733DB1C9DC68700245820 /* Release */ = {
			isa = XCBuildConfiguration;
			buildSettings = {
				BUNDLE_LOADER = "$(TEST_HOST)";
				INFOPLIST_FILE = "Wells-Next-The-SeaTests/Info.plist";
				LD_RUNPATH_SEARCH_PATHS = "$(inherited) @executable_path/Frameworks @loader_path/Frameworks";
				PRODUCT_BUNDLE_IDENTIFIER = "com.randrdev.Wells-Next-The-SeaTests";
				PRODUCT_NAME = "$(TARGET_NAME)";
				TEST_HOST = "$(BUILT_PRODUCTS_DIR)/Wells-Next-The-Sea.app/Wells-Next-The-Sea";
			};
			name = Release;
		};
		D0C733DD1C9DC68700245820 /* Debug */ = {
			isa = XCBuildConfiguration;
			buildSettings = {
				INFOPLIST_FILE = "Wells-Next-The-SeaUITests/Info.plist";
				LD_RUNPATH_SEARCH_PATHS = "$(inherited) @executable_path/Frameworks @loader_path/Frameworks";
				PRODUCT_BUNDLE_IDENTIFIER = "com.randrdev.Wells-Next-The-SeaUITests";
				PRODUCT_NAME = "$(TARGET_NAME)";
				TEST_TARGET_NAME = "Wells-Next-The-Sea";
				USES_XCTRUNNER = YES;
			};
			name = Debug;
		};
		D0C733DE1C9DC68700245820 /* Release */ = {
			isa = XCBuildConfiguration;
			buildSettings = {
				INFOPLIST_FILE = "Wells-Next-The-SeaUITests/Info.plist";
				LD_RUNPATH_SEARCH_PATHS = "$(inherited) @executable_path/Frameworks @loader_path/Frameworks";
				PRODUCT_BUNDLE_IDENTIFIER = "com.randrdev.Wells-Next-The-SeaUITests";
				PRODUCT_NAME = "$(TARGET_NAME)";
				TEST_TARGET_NAME = "Wells-Next-The-Sea";
				USES_XCTRUNNER = YES;
			};
			name = Release;
		};
/* End XCBuildConfiguration section */

/* Begin XCConfigurationList section */
		D0C733A91C9DC68700245820 /* Build configuration list for PBXProject "Wells-Next-The-Sea" */ = {
			isa = XCConfigurationList;
			buildConfigurations = (
				D0C733D41C9DC68700245820 /* Debug */,
				D0C733D51C9DC68700245820 /* Release */,
			);
			defaultConfigurationIsVisible = 0;
			defaultConfigurationName = Release;
		};
		D0C733D61C9DC68700245820 /* Build configuration list for PBXNativeTarget "Wells-Next-The-Sea" */ = {
			isa = XCConfigurationList;
			buildConfigurations = (
				D0C733D71C9DC68700245820 /* Debug */,
				D0C733D81C9DC68700245820 /* Release */,
			);
			defaultConfigurationIsVisible = 0;
		};
		D0C733D91C9DC68700245820 /* Build configuration list for PBXNativeTarget "Wells-Next-The-SeaTests" */ = {
			isa = XCConfigurationList;
			buildConfigurations = (
				D0C733DA1C9DC68700245820 /* Debug */,
				D0C733DB1C9DC68700245820 /* Release */,
			);
			defaultConfigurationIsVisible = 0;
		};
		D0C733DC1C9DC68700245820 /* Build configuration list for PBXNativeTarget "Wells-Next-The-SeaUITests" */ = {
			isa = XCConfigurationList;
			buildConfigurations = (
				D0C733DD1C9DC68700245820 /* Debug */,
				D0C733DE1C9DC68700245820 /* Release */,
			);
			defaultConfigurationIsVisible = 0;
		};
/* End XCConfigurationList section */
	};
	rootObject = D0C733A61C9DC68700245820 /* Project object */;
}
